// !$*UTF8*$!
{
	archiveVersion = 1;
	classes = {
	};
	objectVersion = 51;
	objects = {

/* Begin PBXBuildFile section */
		A08B0B9726BAB1910023B919 /* AppDelegate.swift in Sources */ = {isa = PBXBuildFile; fileRef = A08B0B9626BAB1910023B919 /* AppDelegate.swift */; };
		A08B0B9926BAB1910023B919 /* SceneDelegate.swift in Sources */ = {isa = PBXBuildFile; fileRef = A08B0B9826BAB1910023B919 /* SceneDelegate.swift */; };
		A08B0B9B26BAB1910023B919 /* ViewController.swift in Sources */ = {isa = PBXBuildFile; fileRef = A08B0B9A26BAB1910023B919 /* ViewController.swift */; };
		A08B0B9E26BAB1910023B919 /* Main.storyboard in Resources */ = {isa = PBXBuildFile; fileRef = A08B0B9C26BAB1910023B919 /* Main.storyboard */; };
		A08B0BA026BAB1920023B919 /* Assets.xcassets in Resources */ = {isa = PBXBuildFile; fileRef = A08B0B9F26BAB1920023B919 /* Assets.xcassets */; };
		A08B0BA326BAB1920023B919 /* LaunchScreen.storyboard in Resources */ = {isa = PBXBuildFile; fileRef = A08B0BA126BAB1920023B919 /* LaunchScreen.storyboard */; };
		A08B0BAB26BADC9D0023B919 /* DataModel.swift in Sources */ = {isa = PBXBuildFile; fileRef = A08B0BAA26BADC9D0023B919 /* DataModel.swift */; };
		A08B0BAD26BB13230023B919 /* Animation.swift in Sources */ = {isa = PBXBuildFile; fileRef = A08B0BAC26BB13230023B919 /* Animation.swift */; };
		B80B48CB2D24E9CB455A395B /* Pods_hw29_2.framework in Frameworks */ = {isa = PBXBuildFile; fileRef = 84E6CA178AAC1D9AC91D4F3E /* Pods_hw29_2.framework */; };
/* End PBXBuildFile section */

/* Begin PBXFileReference section */
		839340E1C4D021BFD2EE340D /* Pods-hw29.2.debug.xcconfig */ = {isa = PBXFileReference; includeInIndex = 1; lastKnownFileType = text.xcconfig; name = "Pods-hw29.2.debug.xcconfig"; path = "Target Support Files/Pods-hw29.2/Pods-hw29.2.debug.xcconfig"; sourceTree = "<group>"; };
		84E6CA178AAC1D9AC91D4F3E /* Pods_hw29_2.framework */ = {isa = PBXFileReference; explicitFileType = wrapper.framework; includeInIndex = 0; path = Pods_hw29_2.framework; sourceTree = BUILT_PRODUCTS_DIR; };
		95D42A861BE333D71CF01B0B /* Pods-hw29.2.release.xcconfig */ = {isa = PBXFileReference; includeInIndex = 1; lastKnownFileType = text.xcconfig; name = "Pods-hw29.2.release.xcconfig"; path = "Target Support Files/Pods-hw29.2/Pods-hw29.2.release.xcconfig"; sourceTree = "<group>"; };
		A08B0B9326BAB1910023B919 /* hw29.2.app */ = {isa = PBXFileReference; explicitFileType = wrapper.application; includeInIndex = 0; path = hw29.2.app; sourceTree = BUILT_PRODUCTS_DIR; };
		A08B0B9626BAB1910023B919 /* AppDelegate.swift */ = {isa = PBXFileReference; lastKnownFileType = sourcecode.swift; path = AppDelegate.swift; sourceTree = "<group>"; };
		A08B0B9826BAB1910023B919 /* SceneDelegate.swift */ = {isa = PBXFileReference; lastKnownFileType = sourcecode.swift; path = SceneDelegate.swift; sourceTree = "<group>"; };
		A08B0B9A26BAB1910023B919 /* ViewController.swift */ = {isa = PBXFileReference; lastKnownFileType = sourcecode.swift; path = ViewController.swift; sourceTree = "<group>"; };
		A08B0B9D26BAB1910023B919 /* Base */ = {isa = PBXFileReference; lastKnownFileType = file.storyboard; name = Base; path = Base.lproj/Main.storyboard; sourceTree = "<group>"; };
		A08B0B9F26BAB1920023B919 /* Assets.xcassets */ = {isa = PBXFileReference; lastKnownFileType = folder.assetcatalog; path = Assets.xcassets; sourceTree = "<group>"; };
		A08B0BA226BAB1920023B919 /* Base */ = {isa = PBXFileReference; lastKnownFileType = file.storyboard; name = Base; path = Base.lproj/LaunchScreen.storyboard; sourceTree = "<group>"; };
		A08B0BA426BAB1920023B919 /* Info.plist */ = {isa = PBXFileReference; lastKnownFileType = text.plist.xml; path = Info.plist; sourceTree = "<group>"; };
		A08B0BAA26BADC9D0023B919 /* DataModel.swift */ = {isa = PBXFileReference; lastKnownFileType = sourcecode.swift; path = DataModel.swift; sourceTree = "<group>"; };
		A08B0BAC26BB13230023B919 /* Animation.swift */ = {isa = PBXFileReference; lastKnownFileType = sourcecode.swift; path = Animation.swift; sourceTree = "<group>"; };
/* End PBXFileReference section */

/* Begin PBXFrameworksBuildPhase section */
		A08B0B9026BAB1910023B919 /* Frameworks */ = {
			isa = PBXFrameworksBuildPhase;
			buildActionMask = 2147483647;
			files = (
				B80B48CB2D24E9CB455A395B /* Pods_hw29_2.framework in Frameworks */,
			);
			runOnlyForDeploymentPostprocessing = 0;
		};
/* End PBXFrameworksBuildPhase section */

/* Begin PBXGroup section */
		A08B0B8A26BAB1910023B919 = {
			isa = PBXGroup;
			children = (
				A08B0B9526BAB1910023B919 /* hw29.2 */,
				A08B0B9426BAB1910023B919 /* Products */,
				E6BCFF56DDA4DD8D2134F111 /* Pods */,
				EC5C17D26A9114A234D4F3C7 /* Frameworks */,
			);
			sourceTree = "<group>";
		};
		A08B0B9426BAB1910023B919 /* Products */ = {
			isa = PBXGroup;
			children = (
				A08B0B9326BAB1910023B919 /* hw29.2.app */,
			);
			name = Products;
			sourceTree = "<group>";
		};
		A08B0B9526BAB1910023B919 /* hw29.2 */ = {
			isa = PBXGroup;
			children = (
				A08B0B9626BAB1910023B919 /* AppDelegate.swift */,
				A08B0B9826BAB1910023B919 /* SceneDelegate.swift */,
				A08B0B9A26BAB1910023B919 /* ViewController.swift */,
				A08B0B9C26BAB1910023B919 /* Main.storyboard */,
				A08B0B9F26BAB1920023B919 /* Assets.xcassets */,
				A08B0BA126BAB1920023B919 /* LaunchScreen.storyboard */,
				A08B0BA426BAB1920023B919 /* Info.plist */,
				A08B0BAA26BADC9D0023B919 /* DataModel.swift */,
				A08B0BAC26BB13230023B919 /* Animation.swift */,
			);
			path = hw29.2;
			sourceTree = "<group>";
		};
		E6BCFF56DDA4DD8D2134F111 /* Pods */ = {
			isa = PBXGroup;
			children = (
				839340E1C4D021BFD2EE340D /* Pods-hw29.2.debug.xcconfig */,
				95D42A861BE333D71CF01B0B /* Pods-hw29.2.release.xcconfig */,
			);
			path = Pods;
			sourceTree = "<group>";
		};
		EC5C17D26A9114A234D4F3C7 /* Frameworks */ = {
			isa = PBXGroup;
			children = (
				84E6CA178AAC1D9AC91D4F3E /* Pods_hw29_2.framework */,
			);
			name = Frameworks;
			sourceTree = "<group>";
		};
/* End PBXGroup section */

/* Begin PBXNativeTarget section */
		A08B0B9226BAB1910023B919 /* hw29.2 */ = {
			isa = PBXNativeTarget;
			buildConfigurationList = A08B0BA726BAB1920023B919 /* Build configuration list for PBXNativeTarget "hw29.2" */;
			buildPhases = (
				9153BE38D8F7EE96C43D9455 /* [CP] Check Pods Manifest.lock */,
				A08B0B8F26BAB1910023B919 /* Sources */,
				A08B0B9026BAB1910023B919 /* Frameworks */,
				A08B0B9126BAB1910023B919 /* Resources */,
				8EA7B3772797B96480307DA0 /* [CP] Embed Pods Frameworks */,
			);
			buildRules = (
			);
			dependencies = (
			);
			name = hw29.2;
			productName = hw29.2;
			productReference = A08B0B9326BAB1910023B919 /* hw29.2.app */;
			productType = "com.apple.product-type.application";
		};
/* End PBXNativeTarget section */

/* Begin PBXProject section */
		A08B0B8B26BAB1910023B919 /* Project object */ = {
			isa = PBXProject;
			attributes = {
				LastSwiftUpdateCheck = 1250;
				LastUpgradeCheck = 1250;
				TargetAttributes = {
					A08B0B9226BAB1910023B919 = {
						CreatedOnToolsVersion = 12.5.1;
					};
				};
			};
			buildConfigurationList = A08B0B8E26BAB1910023B919 /* Build configuration list for PBXProject "hw29.2" */;
			compatibilityVersion = "Xcode 9.3";
			developmentRegion = en;
			hasScannedForEncodings = 0;
			knownRegions = (
				en,
				Base,
			);
			mainGroup = A08B0B8A26BAB1910023B919;
			productRefGroup = A08B0B9426BAB1910023B919 /* Products */;
			projectDirPath = "";
			projectRoot = "";
			targets = (
				A08B0B9226BAB1910023B919 /* hw29.2 */,
			);
		};
/* End PBXProject section */

/* Begin PBXResourcesBuildPhase section */
		A08B0B9126BAB1910023B919 /* Resources */ = {
			isa = PBXResourcesBuildPhase;
			buildActionMask = 2147483647;
			files = (
				A08B0BA326BAB1920023B919 /* LaunchScreen.storyboard in Resources */,
				A08B0BA026BAB1920023B919 /* Assets.xcassets in Resources */,
				A08B0B9E26BAB1910023B919 /* Main.storyboard in Resources */,
			);
			runOnlyForDeploymentPostprocessing = 0;
		};
/* End PBXResourcesBuildPhase section */

/* Begin PBXShellScriptBuildPhase section */
		8EA7B3772797B96480307DA0 /* [CP] Embed Pods Frameworks */ = {
			isa = PBXShellScriptBuildPhase;
			buildActionMask = 2147483647;
			files = (
			);
			inputFileListPaths = (
				"${PODS_ROOT}/Target Support Files/Pods-hw29.2/Pods-hw29.2-frameworks-${CONFIGURATION}-input-files.xcfilelist",
			);
			name = "[CP] Embed Pods Frameworks";
			outputFileListPaths = (
				"${PODS_ROOT}/Target Support Files/Pods-hw29.2/Pods-hw29.2-frameworks-${CONFIGURATION}-output-files.xcfilelist",
			);
			runOnlyForDeploymentPostprocessing = 0;
			shellPath = /bin/sh;
			shellScript = "\"${PODS_ROOT}/Target Support Files/Pods-hw29.2/Pods-hw29.2-frameworks.sh\"\n";
			showEnvVarsInLog = 0;
		};
		9153BE38D8F7EE96C43D9455 /* [CP] Check Pods Manifest.lock */ = {
			isa = PBXShellScriptBuildPhase;
			buildActionMask = 2147483647;
			files = (
			);
			inputFileListPaths = (
			);
			inputPaths = (
				"${PODS_PODFILE_DIR_PATH}/Podfile.lock",
				"${PODS_ROOT}/Manifest.lock",
			);
			name = "[CP] Check Pods Manifest.lock";
			outputFileListPaths = (
			);
			outputPaths = (
				"$(DERIVED_FILE_DIR)/Pods-hw29.2-checkManifestLockResult.txt",
			);
			runOnlyForDeploymentPostprocessing = 0;
			shellPath = /bin/sh;
			shellScript = "diff \"${PODS_PODFILE_DIR_PATH}/Podfile.lock\" \"${PODS_ROOT}/Manifest.lock\" > /dev/null\nif [ $? != 0 ] ; then\n    # print error to STDERR\n    echo \"error: The sandbox is not in sync with the Podfile.lock. Run 'pod install' or update your CocoaPods installation.\" >&2\n    exit 1\nfi\n# This output is used by Xcode 'outputs' to avoid re-running this script phase.\necho \"SUCCESS\" > \"${SCRIPT_OUTPUT_FILE_0}\"\n";
			showEnvVarsInLog = 0;
		};
/* End PBXShellScriptBuildPhase section */

/* Begin PBXSourcesBuildPhase section */
		A08B0B8F26BAB1910023B919 /* Sources */ = {
			isa = PBXSourcesBuildPhase;
			buildActionMask = 2147483647;
			files = (
				A08B0B9B26BAB1910023B919 /* ViewController.swift in Sources */,
				A08B0BAB26BADC9D0023B919 /* DataModel.swift in Sources */,
				A08B0B9726BAB1910023B919 /* AppDelegate.swift in Sources */,
				A08B0BAD26BB13230023B919 /* Animation.swift in Sources */,
				A08B0B9926BAB1910023B919 /* SceneDelegate.swift in Sources */,
			);
			runOnlyForDeploymentPostprocessing = 0;
		};
/* End PBXSourcesBuildPhase section */

/* Begin PBXVariantGroup section */
		A08B0B9C26BAB1910023B919 /* Main.storyboard */ = {
			isa = PBXVariantGroup;
			children = (
				A08B0B9D26BAB1910023B919 /* Base */,
			);
			name = Main.storyboard;
			sourceTree = "<group>";
		};
		A08B0BA126BAB1920023B919 /* LaunchScreen.storyboard */ = {
			isa = PBXVariantGroup;
			children = (
				A08B0BA226BAB1920023B919 /* Base */,
			);
			name = LaunchScreen.storyboard;
			sourceTree = "<group>";
		};
/* End PBXVariantGroup section */

/* Begin XCBuildConfiguration section */
		A08B0BA526BAB1920023B919 /* Debug */ = {
			isa = XCBuildConfiguration;
			buildSettings = {
				ALWAYS_SEARCH_USER_PATHS = NO;
				CLANG_ANALYZER_NONNULL = YES;
				CLANG_ANALYZER_NUMBER_OBJECT_CONVERSION = YES_AGGRESSIVE;
				CLANG_CXX_LANGUAGE_STANDARD = "gnu++14";
				CLANG_CXX_LIBRARY = "libc++";
				CLANG_ENABLE_MODULES = YES;
				CLANG_ENABLE_OBJC_ARC = YES;
				CLANG_ENABLE_OBJC_WEAK = YES;
				CLANG_WARN_BLOCK_CAPTURE_AUTORELEASING = YES;
				CLANG_WARN_BOOL_CONVERSION = YES;
				CLANG_WARN_COMMA = YES;
				CLANG_WARN_CONSTANT_CONVERSION = YES;
				CLANG_WARN_DEPRECATED_OBJC_IMPLEMENTATIONS = YES;
				CLANG_WARN_DIRECT_OBJC_ISA_USAGE = YES_ERROR;
				CLANG_WARN_DOCUMENTATION_COMMENTS = YES;
				CLANG_WARN_EMPTY_BODY = YES;
				CLANG_WARN_ENUM_CONVERSION = YES;
				CLANG_WARN_INFINITE_RECURSION = YES;
				CLANG_WARN_INT_CONVERSION = YES;
				CLANG_WARN_NON_LITERAL_NULL_CONVERSION = YES;
				CLANG_WARN_OBJC_IMPLICIT_RETAIN_SELF = YES;
				CLANG_WARN_OBJC_LITERAL_CONVERSION = YES;
				CLANG_WARN_OBJC_ROOT_CLASS = YES_ERROR;
				CLANG_WARN_QUOTED_INCLUDE_IN_FRAMEWORK_HEADER = YES;
				CLANG_WARN_RANGE_LOOP_ANALYSIS = YES;
				CLANG_WARN_STRICT_PROTOTYPES = YES;
				CLANG_WARN_SUSPICIOUS_MOVE = YES;
				CLANG_WARN_UNGUARDED_AVAILABILITY = YES_AGGRESSIVE;
				CLANG_WARN_UNREACHABLE_CODE = YES;
				CLANG_WARN__DUPLICATE_METHOD_MATCH = YES;
				COPY_PHASE_STRIP = NO;
				DEBUG_INFORMATION_FORMAT = dwarf;
				ENABLE_STRICT_OBJC_MSGSEND = YES;
				ENABLE_TESTABILITY = YES;
				GCC_C_LANGUAGE_STANDARD = gnu11;
				GCC_DYNAMIC_NO_PIC = NO;
				GCC_NO_COMMON_BLOCKS = YES;
				GCC_OPTIMIZATION_LEVEL = 0;
				GCC_PREPROCESSOR_DEFINITIONS = (
					"DEBUG=1",
					"$(inherited)",
				);
				GCC_WARN_64_TO_32_BIT_CONVERSION = YES;
				GCC_WARN_ABOUT_RETURN_TYPE = YES_ERROR;
				GCC_WARN_UNDECLARED_SELECTOR = YES;
				GCC_WARN_UNINITIALIZED_AUTOS = YES_AGGRESSIVE;
				GCC_WARN_UNUSED_FUNCTION = YES;
				GCC_WARN_UNUSED_VARIABLE = YES;
				IPHONEOS_DEPLOYMENT_TARGET = 14.5;
				MTL_ENABLE_DEBUG_INFO = INCLUDE_SOURCE;
				MTL_FAST_MATH = YES;
				ONLY_ACTIVE_ARCH = YES;
				SDKROOT = iphoneos;
				SWIFT_ACTIVE_COMPILATION_CONDITIONS = DEBUG;
				SWIFT_OPTIMIZATION_LEVEL = "-Onone";
			};
			name = Debug;
		};
		A08B0BA626BAB1920023B919 /* Release */ = {
			isa = XCBuildConfiguration;
			buildSettings = {
				ALWAYS_SEARCH_USER_PATHS = NO;
				CLANG_ANALYZER_NONNULL = YES;
				CLANG_ANALYZER_NUMBER_OBJECT_CONVERSION = YES_AGGRESSIVE;
				CLANG_CXX_LANGUAGE_STANDARD = "gnu++14";
				CLANG_CXX_LIBRARY = "libc++";
				CLANG_ENABLE_MODULES = YES;
				CLANG_ENABLE_OBJC_ARC = YES;
				CLANG_ENABLE_OBJC_WEAK = YES;
				CLANG_WARN_BLOCK_CAPTURE_AUTORELEASING = YES;
				CLANG_WARN_BOOL_CONVERSION = YES;
				CLANG_WARN_COMMA = YES;
				CLANG_WARN_CONSTANT_CONVERSION = YES;
				CLANG_WARN_DEPRECATED_OBJC_IMPLEMENTATIONS = YES;
				CLANG_WARN_DIRECT_OBJC_ISA_USAGE = YES_ERROR;
				CLANG_WARN_DOCUMENTATION_COMMENTS = YES;
				CLANG_WARN_EMPTY_BODY = YES;
				CLANG_WARN_ENUM_CONVERSION = YES;
				CLANG_WARN_INFINITE_RECURSION = YES;
				CLANG_WARN_INT_CONVERSION = YES;
				CLANG_WARN_NON_LITERAL_NULL_CONVERSION = YES;
				CLANG_WARN_OBJC_IMPLICIT_RETAIN_SELF = YES;
				CLANG_WARN_OBJC_LITERAL_CONVERSION = YES;
				CLANG_WARN_OBJC_ROOT_CLASS = YES_ERROR;
				CLANG_WARN_QUOTED_INCLUDE_IN_FRAMEWORK_HEADER = YES;
				CLANG_WARN_RANGE_LOOP_ANALYSIS = YES;
				CLANG_WARN_STRICT_PROTOTYPES = YES;
				CLANG_WARN_SUSPICIOUS_MOVE = YES;
				CLANG_WARN_UNGUARDED_AVAILABILITY = YES_AGGRESSIVE;
				CLANG_WARN_UNREACHABLE_CODE = YES;
				CLANG_WARN__DUPLICATE_METHOD_MATCH = YES;
				COPY_PHASE_STRIP = NO;
				DEBUG_INFORMATION_FORMAT = "dwarf-with-dsym";
				ENABLE_NS_ASSERTIONS = NO;
				ENABLE_STRICT_OBJC_MSGSEND = YES;
				GCC_C_LANGUAGE_STANDARD = gnu11;
				GCC_NO_COMMON_BLOCKS = YES;
				GCC_WARN_64_TO_32_BIT_CONVERSION = YES;
				GCC_WARN_ABOUT_RETURN_TYPE = YES_ERROR;
				GCC_WARN_UNDECLARED_SELECTOR = YES;
				GCC_WARN_UNINITIALIZED_AUTOS = YES_AGGRESSIVE;
				GCC_WARN_UNUSED_FUNCTION = YES;
				GCC_WARN_UNUSED_VARIABLE = YES;
				IPHONEOS_DEPLOYMENT_TARGET = 14.5;
				MTL_ENABLE_DEBUG_INFO = NO;
				MTL_FAST_MATH = YES;
				SDKROOT = iphoneos;
				SWIFT_COMPILATION_MODE = wholemodule;
				SWIFT_OPTIMIZATION_LEVEL = "-O";
				VALIDATE_PRODUCT = YES;
			};
			name = Release;
		};
		A08B0BA826BAB1920023B919 /* Debug */ = {
			isa = XCBuildConfiguration;
			baseConfigurationReference = 839340E1C4D021BFD2EE340D /* Pods-hw29.2.debug.xcconfig */;
			buildSettings = {
				ASSETCATALOG_COMPILER_APPICON_NAME = AppIcon;
				ASSETCATALOG_COMPILER_GLOBAL_ACCENT_COLOR_NAME = AccentColor;
				CODE_SIGN_STYLE = Automatic;
				INFOPLIST_FILE = hw29.2/Info.plist;
				LD_RUNPATH_SEARCH_PATHS = (
					"$(inherited)",
					"@executable_path/Frameworks",
				);
				PRODUCT_BUNDLE_IDENTIFIER = "Vahtee-Boo.hw29-2";
				PRODUCT_NAME = "$(TARGET_NAME)";
				SWIFT_VERSION = 5.0;
				TARGETED_DEVICE_FAMILY = "1,2";
			};
			name = Debug;
		};
		A08B0BA926BAB1920023B919 /* Release */ = {
			isa = XCBuildConfiguration;
			baseConfigurationReference = 95D42A861BE333D71CF01B0B /* Pods-hw29.2.release.xcconfig */;
			buildSettings = {
				ASSETCATALOG_COMPILER_APPICON_NAME = AppIcon;
				ASSETCATALOG_COMPILER_GLOBAL_ACCENT_COLOR_NAME = AccentColor;
				CODE_SIGN_STYLE = Automatic;
				INFOPLIST_FILE = hw29.2/Info.plist;
				LD_RUNPATH_SEARCH_PATHS = (
					"$(inherited)",
					"@executable_path/Frameworks",
				);
				PRODUCT_BUNDLE_IDENTIFIER = "Vahtee-Boo.hw29-2";
				PRODUCT_NAME = "$(TARGET_NAME)";
				SWIFT_VERSION = 5.0;
				TARGETED_DEVICE_FAMILY = "1,2";
			};
			name = Release;
		};
/* End XCBuildConfiguration section */

/* Begin XCConfigurationList section */
		A08B0B8E26BAB1910023B919 /* Build configuration list for PBXProject "hw29.2" */ = {
			isa = XCConfigurationList;
			buildConfigurations = (
				A08B0BA526BAB1920023B919 /* Debug */,
				A08B0BA626BAB1920023B919 /* Release */,
			);
			defaultConfigurationIsVisible = 0;
			defaultConfigurationName = Release;
		};
		A08B0BA726BAB1920023B919 /* Build configuration list for PBXNativeTarget "hw29.2" */ = {
			isa = XCConfigurationList;
			buildConfigurations = (
				A08B0BA826BAB1920023B919 /* Debug */,
				A08B0BA926BAB1920023B919 /* Release */,
			);
			defaultConfigurationIsVisible = 0;
			defaultConfigurationName = Release;
		};
/* End XCConfigurationList section */
	};
	rootObject = A08B0B8B26BAB1910023B919 /* Project object */;
}
